
Microsoft Visual Studio Solution File, Format Version 12.00
# Visual Studio Version 16
VisualStudioVersion = 16.0.30114.105
MinimumVisualStudioVersion = 10.0.40219.1
Project("{FAE04EC0-301F-11D3-BF4B-00C04F79EFBC}") = "TribalWarsPlayerInfo", "TribalWarsPlayerInfo\TribalWarsPlayerInfo.csproj", "{E1221E58-0CF5-4C90-A86E-3107E4186B76}"
EndProject
Project("{FAE04EC0-301F-11D3-BF4B-00C04F79EFBC}") = "TribalWarsPlayerInfoTests", "TribalWarsPlayerInfoTests\TribalWarsPlayerInfoTests.csproj", "{1F265E95-BDED-400E-8839-1D7684098E4C}"
EndProject
Global
	GlobalSection(SolutionConfigurationPlatforms) = preSolution
		Debug|Any CPU = Debug|Any CPU
		Release|Any CPU = Release|Any CPU
	EndGlobalSection
	GlobalSection(SolutionProperties) = preSolution
		HideSolutionNode = FALSE
	EndGlobalSection
	GlobalSection(ProjectConfigurationPlatforms) = postSolution
		{E1221E58-0CF5-4C90-A86E-3107E4186B76}.Debug|Any CPU.ActiveCfg = Debug|Any CPU
		{E1221E58-0CF5-4C90-A86E-3107E4186B76}.Debug|Any CPU.Build.0 = Debug|Any CPU
		{E1221E58-0CF5-4C90-A86E-3107E4186B76}.Release|Any CPU.ActiveCfg = Release|Any CPU
		{E1221E58-0CF5-4C90-A86E-3107E4186B76}.Release|Any CPU.Build.0 = Release|Any CPU
		{1F265E95-BDED-400E-8839-1D7684098E4C}.Debug|Any CPU.ActiveCfg = Debug|Any CPU
		{1F265E95-BDED-400E-8839-1D7684098E4C}.Debug|Any CPU.Build.0 = Debug|Any CPU
		{1F265E95-BDED-400E-8839-1D7684098E4C}.Release|Any CPU.ActiveCfg = Release|Any CPU
		{1F265E95-BDED-400E-8839-1D7684098E4C}.Release|Any CPU.Build.0 = Release|Any CPU
	EndGlobalSection
EndGlobal
