
Microsoft Visual Studio Solution File, Format Version 12.00
# Visual Studio Version 17
VisualStudioVersion = 17.4.33213.308
MinimumVisualStudioVersion = 10.0.40219.1
Project("{9A19103F-16F7-4668-BE54-9A1E7A4F7556}") = "TribalWarsPlayerInfo", "TribalWarsPlayerInfo\TribalWarsPlayerInfo.csproj", "{E1221E58-0CF5-4C90-A86E-3107E4186B76}"
EndProject
Project("{9A19103F-16F7-4668-BE54-9A1E7A4F7556}") = "TribalWarsPlayerInfoTests", "TribalWarsPlayerInfoTests\TribalWarsPlayerInfoTests.csproj", "{1F265E95-BDED-400E-8839-1D7684098E4C}"
EndProject
Project("{2150E333-8FDC-42A3-9474-1A3956D46DE8}") = "Solution Items", "Solution Items", "{270D97FF-F82E-4978-9CA4-A8F81977AD86}"
	ProjectSection(SolutionItems) = preProject
		.gitignore = .gitignore
	EndProjectSection
EndProject
Global
	GlobalSection(SolutionConfigurationPlatforms) = preSolution
		Debug|Any CPU = Debug|Any CPU
		Release|Any CPU = Release|Any CPU
	EndGlobalSection
	GlobalSection(ProjectConfigurationPlatforms) = postSolution
		{E1221E58-0CF5-4C90-A86E-3107E4186B76}.Debug|Any CPU.ActiveCfg = Debug|Any CPU
		{E1221E58-0CF5-4C90-A86E-3107E4186B76}.Debug|Any CPU.Build.0 = Debug|Any CPU
		{E1221E58-0CF5-4C90-A86E-3107E4186B76}.Release|Any CPU.ActiveCfg = Release|Any CPU
		{E1221E58-0CF5-4C90-A86E-3107E4186B76}.Release|Any CPU.Build.0 = Release|Any CPU
		{1F265E95-BDED-400E-8839-1D7684098E4C}.Debug|Any CPU.ActiveCfg = Debug|Any CPU
		{1F265E95-BDED-400E-8839-1D7684098E4C}.Debug|Any CPU.Build.0 = Debug|Any CPU
		{1F265E95-BDED-400E-8839-1D7684098E4C}.Release|Any CPU.ActiveCfg = Release|Any CPU
		{1F265E95-BDED-400E-8839-1D7684098E4C}.Release|Any CPU.Build.0 = Release|Any CPU
	EndGlobalSection
	GlobalSection(SolutionProperties) = preSolution
		HideSolutionNode = FALSE
	EndGlobalSection
	GlobalSection(ExtensibilityGlobals) = postSolution
		SolutionGuid = {0560FBDC-E4A5-4FE7-8B31-2A4CF774DD33}
	EndGlobalSection
EndGlobal
